
Microsoft Visual Studio Solution File, Format Version 12.00
# Visual Studio 15
VisualStudioVersion = 15.0.26124.0
MinimumVisualStudioVersion = 15.0.26124.0
Project("{FAE04EC0-301F-11D3-BF4B-00C04F79EFBC}") = "GameTOP", "GameTOP\GameTOP.csproj", "{B3DA6E8A-8212-4BB5-AB60-5EBC9F15C04D}"
EndProject
Project("{FAE04EC0-301F-11D3-BF4B-00C04F79EFBC}") = "GameTOP.Lib", "GameTOP.Lib\GameTOP.Lib.csproj", "{9BE2E262-08FD-4AE6-B142-0DEDF016874F}"
EndProject
Project("{FAE04EC0-301F-11D3-BF4B-00C04F79EFBC}") = "GameTOP.Interface", "GameTOP.Interface\GameTOP.Interface.csproj", "{66CD00FF-42CF-4EB5-B9A9-98166A42DFFA}"
EndProject
Global
	GlobalSection(SolutionConfigurationPlatforms) = preSolution
		Debug|Any CPU = Debug|Any CPU
		Debug|x64 = Debug|x64
		Debug|x86 = Debug|x86
		Release|Any CPU = Release|Any CPU
		Release|x64 = Release|x64
		Release|x86 = Release|x86
	EndGlobalSection
	GlobalSection(SolutionProperties) = preSolution
		HideSolutionNode = FALSE
	EndGlobalSection
	GlobalSection(ProjectConfigurationPlatforms) = postSolution
		{B3DA6E8A-8212-4BB5-AB60-5EBC9F15C04D}.Debug|Any CPU.ActiveCfg = Debug|Any CPU
		{B3DA6E8A-8212-4BB5-AB60-5EBC9F15C04D}.Debug|Any CPU.Build.0 = Debug|Any CPU
		{B3DA6E8A-8212-4BB5-AB60-5EBC9F15C04D}.Debug|x64.ActiveCfg = Debug|Any CPU
		{B3DA6E8A-8212-4BB5-AB60-5EBC9F15C04D}.Debug|x64.Build.0 = Debug|Any CPU
		{B3DA6E8A-8212-4BB5-AB60-5EBC9F15C04D}.Debug|x86.ActiveCfg = Debug|Any CPU
		{B3DA6E8A-8212-4BB5-AB60-5EBC9F15C04D}.Debug|x86.Build.0 = Debug|Any CPU
		{B3DA6E8A-8212-4BB5-AB60-5EBC9F15C04D}.Release|Any CPU.ActiveCfg = Release|Any CPU
		{B3DA6E8A-8212-4BB5-AB60-5EBC9F15C04D}.Release|Any CPU.Build.0 = Release|Any CPU
		{B3DA6E8A-8212-4BB5-AB60-5EBC9F15C04D}.Release|x64.ActiveCfg = Release|Any CPU
		{B3DA6E8A-8212-4BB5-AB60-5EBC9F15C04D}.Release|x64.Build.0 = Release|Any CPU
		{B3DA6E8A-8212-4BB5-AB60-5EBC9F15C04D}.Release|x86.ActiveCfg = Release|Any CPU
		{B3DA6E8A-8212-4BB5-AB60-5EBC9F15C04D}.Release|x86.Build.0 = Release|Any CPU
		{9BE2E262-08FD-4AE6-B142-0DEDF016874F}.Debug|Any CPU.ActiveCfg = Debug|Any CPU
		{9BE2E262-08FD-4AE6-B142-0DEDF016874F}.Debug|Any CPU.Build.0 = Debug|Any CPU
		{9BE2E262-08FD-4AE6-B142-0DEDF016874F}.Debug|x64.ActiveCfg = Debug|Any CPU
		{9BE2E262-08FD-4AE6-B142-0DEDF016874F}.Debug|x64.Build.0 = Debug|Any CPU
		{9BE2E262-08FD-4AE6-B142-0DEDF016874F}.Debug|x86.ActiveCfg = Debug|Any CPU
		{9BE2E262-08FD-4AE6-B142-0DEDF016874F}.Debug|x86.Build.0 = Debug|Any CPU
		{9BE2E262-08FD-4AE6-B142-0DEDF016874F}.Release|Any CPU.ActiveCfg = Release|Any CPU
		{9BE2E262-08FD-4AE6-B142-0DEDF016874F}.Release|Any CPU.Build.0 = Release|Any CPU
		{9BE2E262-08FD-4AE6-B142-0DEDF016874F}.Release|x64.ActiveCfg = Release|Any CPU
		{9BE2E262-08FD-4AE6-B142-0DEDF016874F}.Release|x64.Build.0 = Release|Any CPU
		{9BE2E262-08FD-4AE6-B142-0DEDF016874F}.Release|x86.ActiveCfg = Release|Any CPU
		{9BE2E262-08FD-4AE6-B142-0DEDF016874F}.Release|x86.Build.0 = Release|Any CPU
		{66CD00FF-42CF-4EB5-B9A9-98166A42DFFA}.Debug|Any CPU.ActiveCfg = Debug|Any CPU
		{66CD00FF-42CF-4EB5-B9A9-98166A42DFFA}.Debug|Any CPU.Build.0 = Debug|Any CPU
		{66CD00FF-42CF-4EB5-B9A9-98166A42DFFA}.Debug|x64.ActiveCfg = Debug|Any CPU
		{66CD00FF-42CF-4EB5-B9A9-98166A42DFFA}.Debug|x64.Build.0 = Debug|Any CPU
		{66CD00FF-42CF-4EB5-B9A9-98166A42DFFA}.Debug|x86.ActiveCfg = Debug|Any CPU
		{66CD00FF-42CF-4EB5-B9A9-98166A42DFFA}.Debug|x86.Build.0 = Debug|Any CPU
		{66CD00FF-42CF-4EB5-B9A9-98166A42DFFA}.Release|Any CPU.ActiveCfg = Release|Any CPU
		{66CD00FF-42CF-4EB5-B9A9-98166A42DFFA}.Release|Any CPU.Build.0 = Release|Any CPU
		{66CD00FF-42CF-4EB5-B9A9-98166A42DFFA}.Release|x64.ActiveCfg = Release|Any CPU
		{66CD00FF-42CF-4EB5-B9A9-98166A42DFFA}.Release|x64.Build.0 = Release|Any CPU
		{66CD00FF-42CF-4EB5-B9A9-98166A42DFFA}.Release|x86.ActiveCfg = Release|Any CPU
		{66CD00FF-42CF-4EB5-B9A9-98166A42DFFA}.Release|x86.Build.0 = Release|Any CPU
	EndGlobalSection
EndGlobal
